<?xml version="1.0" encoding="utf-8"?>
<Project ToolsVersion="14.0" xmlns="http://schemas.microsoft.com/developer/msbuild/2003">
  <ItemGroup>
    <ClInclude Include="C:\mumps\MUMPS_5.1.2\libseq\mpi.h">
      <Filter>Header Files</Filter>
    </ClInclude>
    <ClInclude Include="C:\mumps\MUMPS_5.1.2\libseq\elapse.h">
      <Filter>Header Files</Filter>
    </ClInclude>
    <ClInclude Include="C:\mumps\MUMPS_5.1.2\libseq\mpif.h">
      <Filter>Header Files</Filter>
    </ClInclude>
    <ClInclude Include="C:\mumps\MUMPS_5.1.2\PORD\include\const.h">
      <Filter>Header Files</Filter>
    </ClInclude>
    <ClInclude Include="C:\mumps\MUMPS_5.1.2\PORD\include\eval.h">
      <Filter>Header Files</Filter>
    </ClInclude>
    <ClInclude Include="C:\mumps\MUMPS_5.1.2\PORD\include\macros.h">
      <Filter>Header Files</Filter>
    </ClInclude>
    <ClInclude Include="C:\mumps\MUMPS_5.1.2\PORD\include\params.h">
      <Filter>Header Files</Filter>
    </ClInclude>
    <ClInclude Include="C:\mumps\MUMPS_5.1.2\PORD\include\protos.h">
      <Filter>Header Files</Filter>
    </ClInclude>
    <ClInclude Include="C:\mumps\MUMPS_5.1.2\PORD\include\space.h">
      <Filter>Header Files</Filter>
    </ClInclude>
    <ClInclude Include="C:\mumps\MUMPS_5.1.2\PORD\include\types.h">
      <Filter>Header Files</Filter>
    </ClInclude>
  </ItemGroup>
  <ItemGroup>
    <CustomBuild Include="C:\mumps\MUMPS_5.1.2\CMakeLists.txt" />
  </ItemGroup>
  <ItemGroup>
    <Object Include="C:\mumps\MUMPS_5.1.2\$(Platform)\$(Configuration)\lr_common.obj" />
    <Object Include="C:\mumps\MUMPS_5.1.2\$(Platform)\$(Configuration)\ana_omp_m.obj" />
    <Object Include="C:\mumps\MUMPS_5.1.2\$(Platform)\$(Configuration)\tools_common.obj" />
    <Object Include="C:\mumps\MUMPS_5.1.2\$(Platform)\$(Configuration)\ana_orderings_wrappers_m.obj" />
    <Object Include="C:\mumps\MUMPS_5.1.2\$(Platform)\$(Configuration)\mumps_memory_mod.obj" />
    <Object Include="C:\mumps\MUMPS_5.1.2\$(Platform)\$(Configuration)\mumps_static_mapping.obj" />
    <Object Include="C:\mumps\MUMPS_5.1.2\$(Platform)\$(Configuration)\mumps_sol_es.obj" />
    <Object Include="C:\mumps\MUMPS_5.1.2\$(Platform)\$(Configuration)\fac_future_niv2_mod.obj" />
    <Object Include="C:\mumps\MUMPS_5.1.2\$(Platform)\$(Configuration)\mumps_comm_ibcast.obj" />
    <Object Include="C:\mumps\MUMPS_5.1.2\$(Platform)\$(Configuration)\mumps_ooc_common.obj" />
    <Object Include="C:\mumps\MUMPS_5.1.2\$(Platform)\$(Configuration)\double_linked_list.obj" />
    <Object Include="C:\mumps\MUMPS_5.1.2\$(Platform)\$(Configuration)\fac_asm_build_sort_index_m.obj" />
    <Object Include="C:\mumps\MUMPS_5.1.2\$(Platform)\$(Configuration)\fac_asm_build_sort_index_ELT_m.obj" />
    <Object Include="C:\mumps\MUMPS_5.1.2\$(Platform)\$(Configuration)\omp_tps_common_m.obj" />
    <Object Include="C:\mumps\MUMPS_5.1.2\$(Platform)\$(Configuration)\mumps_l0_omp_m.obj" />
    <Object Include="C:\mumps\MUMPS_5.1.2\$(Platform)\$(Configuration)\front_data_mgt_m.obj" />
    <Object Include="C:\mumps\MUMPS_5.1.2\$(Platform)\$(Configuration)\fac_maprow_data_m.obj" />
    <Object Include="C:\mumps\MUMPS_5.1.2\$(Platform)\$(Configuration)\fac_descband_data_m.obj" />
    <Object Include="C:\mumps\MUMPS_5.1.2\$(Platform)\$(Configuration)\fac_ibct_data_m.obj" />
    <Object Include="C:\mumps\MUMPS_5.1.2\$(Platform)\$(Configuration)\ana_orderings.obj" />
    <Object Include="C:\mumps\MUMPS_5.1.2\$(Platform)\$(Configuration)\ana_AMDMF.obj" />
    <Object Include="C:\mumps\MUMPS_5.1.2\$(Platform)\$(Configuration)\bcast_errors.obj" />
    <Object Include="C:\mumps\MUMPS_5.1.2\$(Platform)\$(Configuration)\estim_flops.obj" />
    <Object Include="C:\mumps\MUMPS_5.1.2\$(Platform)\$(Configuration)\mumps_type_size.obj" />
    <Object Include="C:\mumps\MUMPS_5.1.2\$(Platform)\$(Configuration)\mumps_type2_blocking.obj" />
    <Object Include="C:\mumps\MUMPS_5.1.2\$(Platform)\$(Configuration)\mumps_version.obj" />
    <Object Include="C:\mumps\MUMPS_5.1.2\$(Platform)\$(Configuration)\mumps_print_defined.obj" />
    <Object Include="C:\mumps\MUMPS_5.1.2\$(Platform)\$(Configuration)\ana_set_ordering.obj" />
    <Object Include="C:\mumps\MUMPS_5.1.2\$(Platform)\$(Configuration)\mumps_c.obj" />
    <Object Include="C:\mumps\MUMPS_5.1.2\$(Platform)\$(Configuration)\mumps_common.obj" />
    <Object Include="C:\mumps\MUMPS_5.1.2\$(Platform)\$(Configuration)\mumps_size.obj" />
    <Object Include="C:\mumps\MUMPS_5.1.2\$(Platform)\$(Configuration)\mumps_io.obj" />
    <Object Include="C:\mumps\MUMPS_5.1.2\$(Platform)\$(Configuration)\mumps_io_basic.obj" />
    <Object Include="C:\mumps\MUMPS_5.1.2\$(Platform)\$(Configuration)\mumps_io_thread.obj" />
    <Object Include="C:\mumps\MUMPS_5.1.2\$(Platform)\$(Configuration)\mumps_io_err.obj" />
    <Object Include="C:\mumps\MUMPS_5.1.2\$(Platform)\$(Configuration)\mumps_thread.obj" />
    <Object Include="C:\mumps\MUMPS_5.1.2\$(Platform)\$(Configuration)\mumps_save_restore_C.obj" />
    <Object Include="C:\mumps\MUMPS_5.1.2\$(Platform)\$(Configuration)\mumps_numa.obj" />
    <Object Include="C:\mumps\MUMPS_5.1.2\$(Platform)\$(Configuration)\mumps_pord.obj" />
    <Object Include="C:\mumps\MUMPS_5.1.2\$(Platform)\$(Configuration)\mumps_metis.obj" />
    <Object Include="C:\mumps\MUMPS_5.1.2\$(Platform)\$(Configuration)\mumps_metis64.obj" />
    <Object Include="C:\mumps\MUMPS_5.1.2\$(Platform)\$(Configuration)\mumps_metis_int.obj" />
    <Object Include="C:\mumps\MUMPS_5.1.2\$(Platform)\$(Configuration)\mumps_scotch.obj" />
    <Object Include="C:\mumps\MUMPS_5.1.2\$(Platform)\$(Configuration)\mumps_scotch64.obj" />
    <Object Include="C:\mumps\MUMPS_5.1.2\$(Platform)\$(Configuration)\mumps_scotch_int.obj" />
    <Object Include="C:\mumps\MUMPS_5.1.2\$(Platform)\$(Configuration)\dana_aux_par.obj" />
    <Object Include="C:\mumps\MUMPS_5.1.2\$(Platform)\$(Configuration)\dana_lr.obj" />
    <Object Include="C:\mumps\MUMPS_5.1.2\$(Platform)\$(Configuration)\dfac_asm_master_m.obj" />
    <Object Include="C:\mumps\MUMPS_5.1.2\$(Platform)\$(Configuration)\dfac_asm_master_ELT_m.obj" />
    <Object Include="C:\mumps\MUMPS_5.1.2\$(Platform)\$(Configuration)\domp_tps_m.obj" />
    <Object Include="C:\mumps\MUMPS_5.1.2\$(Platform)\$(Configuration)\dmumps_comm_buffer.obj" />
    <Object Include="C:\mumps\MUMPS_5.1.2\$(Platform)\$(Configuration)\dmumps_load.obj" />
    <Object Include="C:\mumps\MUMPS_5.1.2\$(Platform)\$(Configuration)\dmumps_lr_data_m.obj" />
    <Object Include="C:\mumps\MUMPS_5.1.2\$(Platform)\$(Configuration)\dmumps_ooc_buffer.obj" />
    <Object Include="C:\mumps\MUMPS_5.1.2\$(Platform)\$(Configuration)\dmumps_ooc.obj" />
    <Object Include="C:\mumps\MUMPS_5.1.2\$(Platform)\$(Configuration)\dmumps_struc_def.obj" />
    <Object Include="C:\mumps\MUMPS_5.1.2\$(Platform)\$(Configuration)\dstatic_ptr_m.obj" />
    <Object Include="C:\mumps\MUMPS_5.1.2\$(Platform)\$(Configuration)\dlr_core.obj" />
    <Object Include="C:\mumps\MUMPS_5.1.2\$(Platform)\$(Configuration)\dlr_type.obj" />
    <Object Include="C:\mumps\MUMPS_5.1.2\$(Platform)\$(Configuration)\dlr_stats.obj" />
    <Object Include="C:\mumps\MUMPS_5.1.2\$(Platform)\$(Configuration)\dfac_lr.obj" />
    <Object Include="C:\mumps\MUMPS_5.1.2\$(Platform)\$(Configuration)\dfac_omp_m.obj" />
    <Object Include="C:\mumps\MUMPS_5.1.2\$(Platform)\$(Configuration)\dfac_par_m.obj" />
    <Object Include="C:\mumps\MUMPS_5.1.2\$(Platform)\$(Configuration)\dfac_front_LU_type1.obj" />
    <Object Include="C:\mumps\MUMPS_5.1.2\$(Platform)\$(Configuration)\dfac_front_LU_type2.obj" />
    <Object Include="C:\mumps\MUMPS_5.1.2\$(Platform)\$(Configuration)\dfac_front_LDLT_type1.obj" />
    <Object Include="C:\mumps\MUMPS_5.1.2\$(Platform)\$(Configuration)\dfac_front_LDLT_type2.obj" />
    <Object Include="C:\mumps\MUMPS_5.1.2\$(Platform)\$(Configuration)\dfac_front_aux.obj" />
    <Object Include="C:\mumps\MUMPS_5.1.2\$(Platform)\$(Configuration)\dfac_front_type2_aux.obj" />
    <Object Include="C:\mumps\MUMPS_5.1.2\$(Platform)\$(Configuration)\dmumps_save_restore_files.obj" />
    <Object Include="C:\mumps\MUMPS_5.1.2\$(Platform)\$(Configuration)\dmumps_save_restore.obj" />
    <Object Include="C:\mumps\MUMPS_5.1.2\$(Platform)\$(Configuration)\dini_driver.obj" />
    <Object Include="C:\mumps\MUMPS_5.1.2\$(Platform)\$(Configuration)\dana_driver.obj" />
    <Object Include="C:\mumps\MUMPS_5.1.2\$(Platform)\$(Configuration)\dfac_driver.obj" />
    <Object Include="C:\mumps\MUMPS_5.1.2\$(Platform)\$(Configuration)\dsol_driver.obj" />
    <Object Include="C:\mumps\MUMPS_5.1.2\$(Platform)\$(Configuration)\dend_driver.obj" />
    <Object Include="C:\mumps\MUMPS_5.1.2\$(Platform)\$(Configuration)\dana_aux_ELT.obj" />
    <Object Include="C:\mumps\MUMPS_5.1.2\$(Platform)\$(Configuration)\dana_aux.obj" />
    <Object Include="C:\mumps\MUMPS_5.1.2\$(Platform)\$(Configuration)\dana_dist_m.obj" />
    <Object Include="C:\mumps\MUMPS_5.1.2\$(Platform)\$(Configuration)\dana_LDLT_preprocess.obj" />
    <Object Include="C:\mumps\MUMPS_5.1.2\$(Platform)\$(Configuration)\dana_reordertree.obj" />
    <Object Include="C:\mumps\MUMPS_5.1.2\$(Platform)\$(Configuration)\darrowheads.obj" />
    <Object Include="C:\mumps\MUMPS_5.1.2\$(Platform)\$(Configuration)\dbcast_int.obj" />
    <Object Include="C:\mumps\MUMPS_5.1.2\$(Platform)\$(Configuration)\dfac_asm_ELT.obj" />
    <Object Include="C:\mumps\MUMPS_5.1.2\$(Platform)\$(Configuration)\dfac_asm.obj" />
    <Object Include="C:\mumps\MUMPS_5.1.2\$(Platform)\$(Configuration)\dfac_b.obj" />
    <Object Include="C:\mumps\MUMPS_5.1.2\$(Platform)\$(Configuration)\dfac_distrib_distentry.obj" />
    <Object Include="C:\mumps\MUMPS_5.1.2\$(Platform)\$(Configuration)\dfac_distrib_ELT.obj" />
    <Object Include="C:\mumps\MUMPS_5.1.2\$(Platform)\$(Configuration)\dfac_lastrtnelind.obj" />
    <Object Include="C:\mumps\MUMPS_5.1.2\$(Platform)\$(Configuration)\dfac_mem_alloc_cb.obj" />
    <Object Include="C:\mumps\MUMPS_5.1.2\$(Platform)\$(Configuration)\dfac_mem_compress_cb.obj" />
    <Object Include="C:\mumps\MUMPS_5.1.2\$(Platform)\$(Configuration)\dfac_mem_free_block_cb.obj" />
    <Object Include="C:\mumps\MUMPS_5.1.2\$(Platform)\$(Configuration)\dfac_mem_stack_aux.obj" />
    <Object Include="C:\mumps\MUMPS_5.1.2\$(Platform)\$(Configuration)\dfac_mem_stack.obj" />
    <Object Include="C:\mumps\MUMPS_5.1.2\$(Platform)\$(Configuration)\dfac_process_band.obj" />
    <Object Include="C:\mumps\MUMPS_5.1.2\$(Platform)\$(Configuration)\dfac_process_blfac_slave.obj" />
    <Object Include="C:\mumps\MUMPS_5.1.2\$(Platform)\$(Configuration)\dfac_process_blocfacto_LDLT.obj" />
    <Object Include="C:\mumps\MUMPS_5.1.2\$(Platform)\$(Configuration)\dfac_process_blocfacto.obj" />
    <Object Include="C:\mumps\MUMPS_5.1.2\$(Platform)\$(Configuration)\dfac_process_bf.obj" />
    <Object Include="C:\mumps\MUMPS_5.1.2\$(Platform)\$(Configuration)\dfac_process_end_facto_slave.obj" />
    <Object Include="C:\mumps\MUMPS_5.1.2\$(Platform)\$(Configuration)\dfac_process_contrib_type1.obj" />
    <Object Include="C:\mumps\MUMPS_5.1.2\$(Platform)\$(Configuration)\dfac_process_contrib_type2.obj" />
    <Object Include="C:\mumps\MUMPS_5.1.2\$(Platform)\$(Configuration)\dfac_process_contrib_type3.obj" />
    <Object Include="C:\mumps\MUMPS_5.1.2\$(Platform)\$(Configuration)\dfac_process_maprow.obj" />
    <Object Include="C:\mumps\MUMPS_5.1.2\$(Platform)\$(Configuration)\dfac_process_master2.obj" />
    <Object Include="C:\mumps\MUMPS_5.1.2\$(Platform)\$(Configuration)\dfac_process_message.obj" />
    <Object Include="C:\mumps\MUMPS_5.1.2\$(Platform)\$(Configuration)\dfac_process_root2slave.obj" />
    <Object Include="C:\mumps\MUMPS_5.1.2\$(Platform)\$(Configuration)\dfac_process_root2son.obj" />
    <Object Include="C:\mumps\MUMPS_5.1.2\$(Platform)\$(Configuration)\dfac_process_rtnelind.obj" />
    <Object Include="C:\mumps\MUMPS_5.1.2\$(Platform)\$(Configuration)\dfac_root_parallel.obj" />
    <Object Include="C:\mumps\MUMPS_5.1.2\$(Platform)\$(Configuration)\dfac_scalings.obj" />
    <Object Include="C:\mumps\MUMPS_5.1.2\$(Platform)\$(Configuration)\dfac_determinant.obj" />
    <Object Include="C:\mumps\MUMPS_5.1.2\$(Platform)\$(Configuration)\dfac_scalings_simScaleAbs.obj" />
    <Object Include="C:\mumps\MUMPS_5.1.2\$(Platform)\$(Configuration)\dfac_scalings_simScale_util.obj" />
    <Object Include="C:\mumps\MUMPS_5.1.2\$(Platform)\$(Configuration)\dfac_sol_pool.obj" />
    <Object Include="C:\mumps\MUMPS_5.1.2\$(Platform)\$(Configuration)\dfac_type3_symmetrize.obj" />
    <Object Include="C:\mumps\MUMPS_5.1.2\$(Platform)\$(Configuration)\dini_defaults.obj" />
    <Object Include="C:\mumps\MUMPS_5.1.2\$(Platform)\$(Configuration)\dmumps_driver.obj" />
    <Object Include="C:\mumps\MUMPS_5.1.2\$(Platform)\$(Configuration)\dmumps_f77.obj" />
    <Object Include="C:\mumps\MUMPS_5.1.2\$(Platform)\$(Configuration)\dmumps_iXamax.obj" />
    <Object Include="C:\mumps\MUMPS_5.1.2\$(Platform)\$(Configuration)\dana_mtrans.obj" />
    <Object Include="C:\mumps\MUMPS_5.1.2\$(Platform)\$(Configuration)\dooc_panel_piv.obj" />
    <Object Include="C:\mumps\MUMPS_5.1.2\$(Platform)\$(Configuration)\drank_revealing.obj" />
    <Object Include="C:\mumps\MUMPS_5.1.2\$(Platform)\$(Configuration)\dsol_aux.obj" />
    <Object Include="C:\mumps\MUMPS_5.1.2\$(Platform)\$(Configuration)\dsol_bwd_aux.obj" />
    <Object Include="C:\mumps\MUMPS_5.1.2\$(Platform)\$(Configuration)\dsol_bwd.obj" />
    <Object Include="C:\mumps\MUMPS_5.1.2\$(Platform)\$(Configuration)\dsol_c.obj" />
    <Object Include="C:\mumps\MUMPS_5.1.2\$(Platform)\$(Configuration)\dsol_fwd_aux.obj" />
    <Object Include="C:\mumps\MUMPS_5.1.2\$(Platform)\$(Configuration)\dsol_fwd.obj" />
    <Object Include="C:\mumps\MUMPS_5.1.2\$(Platform)\$(Configuration)\dsol_matvec.obj" />
    <Object Include="C:\mumps\MUMPS_5.1.2\$(Platform)\$(Configuration)\dsol_root_parallel.obj" />
    <Object Include="C:\mumps\MUMPS_5.1.2\$(Platform)\$(Configuration)\dtools.obj" />
    <Object Include="C:\mumps\MUMPS_5.1.2\$(Platform)\$(Configuration)\dtype3_root.obj" />
    <Object Include="C:\mumps\MUMPS_5.1.2\$(Platform)\$(Configuration)\mpic.obj" />
    <Object Include="C:\mumps\MUMPS_5.1.2\$(Platform)\$(Configuration)\elapse.obj" />
    <Object Include="C:\mumps\MUMPS_5.1.2\$(Platform)\$(Configuration)\mpi.obj" />
    <Object Include="C:\mumps\MUMPS_5.1.2\$(Platform)\$(Configuration)\bucket.obj" />
    <Object Include="C:\mumps\MUMPS_5.1.2\$(Platform)\$(Configuration)\ddbisect.obj" />
    <Object Include="C:\mumps\MUMPS_5.1.2\$(Platform)\$(Configuration)\ddcreate.obj" />
    <Object Include="C:\mumps\MUMPS_5.1.2\$(Platform)\$(Configuration)\gbipart.obj" />
    <Object Include="C:\mumps\MUMPS_5.1.2\$(Platform)\$(Configuration)\gbisect.obj" />
    <Object Include="C:\mumps\MUMPS_5.1.2\$(Platform)\$(Configuration)\gelim.obj" />
    <Object Include="C:\mumps\MUMPS_5.1.2\$(Platform)\$(Configuration)\graph.obj" />
    <Object Include="C:\mumps\MUMPS_5.1.2\$(Platform)\$(Configuration)\interface.obj" />
    <Object Include="C:\mumps\MUMPS_5.1.2\$(Platform)\$(Configuration)\minpriority.obj" />
    <Object Include="C:\mumps\MUMPS_5.1.2\$(Platform)\$(Configuration)\multisector.obj" />
    <Object Include="C:\mumps\MUMPS_5.1.2\$(Platform)\$(Configuration)\nestdiss.obj" />
    <Object Include="C:\mumps\MUMPS_5.1.2\$(Platform)\$(Configuration)\sort.obj" />
    <Object Include="C:\mumps\MUMPS_5.1.2\$(Platform)\$(Configuration)\symbfac.obj" />
    <Object Include="C:\mumps\MUMPS_5.1.2\$(Platform)\$(Configuration)\tree.obj" />
  </ItemGroup>
  <ItemGroup>
    <Filter Include="Header Files">
      <UniqueIdentifier>{223EBF53-1993-3FE2-92B3-139CBE81EBD6}</UniqueIdentifier>
    </Filter>
    <Filter Include="Object Libraries">
      <UniqueIdentifier>{CDF47AC3-D7D4-317A-B9E6-367AF8658BE1}</UniqueIdentifier>
    </Filter>
  </ItemGroup>
</Project>